{
  "version": 4,
  "terraform_version": "1.12.1",
  "serial": 5,
  "lineage": "7da50d46-c816-761b-037c-09ebcfc9a20d",
  "outputs": {
    "filename": {
      "value": "05",
      "type": "string"
    },
    "names": {
      "value": [
        "KP",
        "PK",
        "KK"
      ],
      "type": [
        "tuple",
        [
          "string",
          "string",
          "string"
        ]
      ]
    }
  },
  "resources": [
    {
      "mode": "managed",
      "type": "local_file",
      "name": "test",
      "provider": "provider[\"registry.terraform.io/hashicorp/local\"]",
      "instances": [
        {
          "schema_version": 0,
          "attributes": {
            "content": "Terraform has been successfully initialized!",
            "content_base64": null,
            "content_base64sha256": "6AbWXKEO15tK7rnQKwKqxy4YIENXKBl35dhzxzf76Kc=",
            "content_base64sha512": "N/K5p4d+LFkcnkn9554KrTde5nQV5NA7i/nj+qA7YZxugb85qZCQDwzsbzlQcWwWxnhDBJaCufz/8wtTN4+asw==",
            "content_md5": "3d4fdf0395d5fa5222b0cc8776b91bf5",
            "content_sha1": "7eaf7e4c462279fde59247e18fde76150bd94b53",
            "content_sha256": "e806d65ca10ed79b4aeeb9d02b02aac72e18204357281977e5d873c737fbe8a7",
            "content_sha512": "37f2b9a7877e2c591c9e49fde79e0aad375ee67415e4d03b8bf9e3faa03b619c6e81bf39a990900f0cec6f3950716c16c67843049682b9fcfff30b53378f9ab3",
            "directory_permission": "0777",
            "file_permission": "0777",
            "filename": "test_05.txt",
            "id": "7eaf7e4c462279fde59247e18fde76150bd94b53",
            "sensitive_content": null,
            "source": null
          },
          "sensitive_attributes": [
            [
              {
                "type": "get_attr",
                "value": "sensitive_content"
              }
            ]
          ],
          "identity_schema_version": 0
        }
      ]
    }
  ],
  "check_results": null
}
