{
  "version": 4,
  "terraform_version": "1.11.4",
  "serial": 2,
  "lineage": "a7299cbc-ba13-f2c6-2521-44b8b20c6a6f",
  "outputs": {
    "file_256sha": {
      "value": "236cadc7e37e185b4dc989f60a53ab9c419dd57c49efc7cac25168d94290bb4c",
      "type": "string"
    },
    "file_content": {
      "value": "from tfvars file",
      "type": "string"
    },
    "file_id": {
      "value": "197baf69573d955c49c089b7d57f35721229638a",
      "type": "string"
    }
  },
  "resources": [
    {
      "mode": "managed",
      "type": "local_file",
      "name": "my_first_file",
      "provider": "provider[\"registry.terraform.io/hashicorp/local\"]",
      "instances": [
        {
          "schema_version": 0,
          "attributes": {
            "content": "from tfvars file",
            "content_base64": null,
            "content_base64sha256": "I2ytx+N+GFtNyYn2ClOrnEGd1XxJ78fKwlFo2UKQu0w=",
            "content_base64sha512": "mEbxt+Qk3/MkJs7nKu8n6MBXtOWCyhEz1kCrxDmLLsd7DBA8ZXUmNSMji1PiKYWoFevUu3QR5+jwgnRs1gKPBA==",
            "content_md5": "2b621d634708be394996c7af5b8af6b0",
            "content_sha1": "197baf69573d955c49c089b7d57f35721229638a",
            "content_sha256": "236cadc7e37e185b4dc989f60a53ab9c419dd57c49efc7cac25168d94290bb4c",
            "content_sha512": "9846f1b7e424dff32426cee72aef27e8c057b4e582ca1133d640abc4398b2ec77b0c103c6575263523238b53e22985a815ebd4bb7411e7e8f082746cd6028f04",
            "directory_permission": "0777",
            "file_permission": "0777",
            "filename": "file_tfvars_1.txt",
            "id": "197baf69573d955c49c089b7d57f35721229638a",
            "sensitive_content": null,
            "source": null
          },
          "sensitive_attributes": [
            [
              {
                "type": "get_attr",
                "value": "sensitive_content"
              }
            ]
          ]
        }
      ]
    }
  ],
  "check_results": null
}
